
Microsoft Visual Studio Solution File, Format Version 12.00
# Visual Studio 14
VisualStudioVersion = 14.0.25420.1
MinimumVisualStudioVersion = 10.0.40219.1
Project("{FAE04EC0-301F-11D3-BF4B-00C04F79EFBC}") = "MB.TinyGrammar.Core", "MB.TinyGrammar.Core\MB.TinyGrammar.Core.csproj", "{C16ABC12-7217-4DF0-87DE-BFF3CF2BA6AB}"
EndProject
Project("{FAE04EC0-301F-11D3-BF4B-00C04F79EFBC}") = "MB.TinyGrammar.Core.Test", "MB.TinyGrammar.Core.Test\MB.TinyGrammar.Core.Test.csproj", "{1870CA69-E88B-4C14-8B4F-9D7B54A774E4}"
EndProject
Project("{FAE04EC0-301F-11D3-BF4B-00C04F79EFBC}") = "MB.TinyGrammar.ConsoleApplication", "MB.TinyGrammar.ConsoleApplication\MB.TinyGrammar.ConsoleApplication.csproj", "{58177C45-C098-4955-9824-6F9E13C98C64}"
EndProject
Global
	GlobalSection(SolutionConfigurationPlatforms) = preSolution
		Debug|Any CPU = Debug|Any CPU
		Release|Any CPU = Release|Any CPU
	EndGlobalSection
	GlobalSection(ProjectConfigurationPlatforms) = postSolution
		{C16ABC12-7217-4DF0-87DE-BFF3CF2BA6AB}.Debug|Any CPU.ActiveCfg = Debug|Any CPU
		{C16ABC12-7217-4DF0-87DE-BFF3CF2BA6AB}.Debug|Any CPU.Build.0 = Debug|Any CPU
		{C16ABC12-7217-4DF0-87DE-BFF3CF2BA6AB}.Release|Any CPU.ActiveCfg = Release|Any CPU
		{C16ABC12-7217-4DF0-87DE-BFF3CF2BA6AB}.Release|Any CPU.Build.0 = Release|Any CPU
		{1870CA69-E88B-4C14-8B4F-9D7B54A774E4}.Debug|Any CPU.ActiveCfg = Debug|Any CPU
		{1870CA69-E88B-4C14-8B4F-9D7B54A774E4}.Debug|Any CPU.Build.0 = Debug|Any CPU
		{1870CA69-E88B-4C14-8B4F-9D7B54A774E4}.Release|Any CPU.ActiveCfg = Release|Any CPU
		{1870CA69-E88B-4C14-8B4F-9D7B54A774E4}.Release|Any CPU.Build.0 = Release|Any CPU
		{58177C45-C098-4955-9824-6F9E13C98C64}.Debug|Any CPU.ActiveCfg = Debug|Any CPU
		{58177C45-C098-4955-9824-6F9E13C98C64}.Debug|Any CPU.Build.0 = Debug|Any CPU
		{58177C45-C098-4955-9824-6F9E13C98C64}.Release|Any CPU.ActiveCfg = Release|Any CPU
		{58177C45-C098-4955-9824-6F9E13C98C64}.Release|Any CPU.Build.0 = Release|Any CPU
	EndGlobalSection
	GlobalSection(SolutionProperties) = preSolution
		HideSolutionNode = FALSE
	EndGlobalSection
EndGlobal
